hash: 6404b54f0c256ae8d27f88e065235dc807c32bb054dce40da9cd248932c6b1f2
updated: 2016-08-08T16:09:33.870341696+05:30
imports:
- name: github.com/ashwanthkumar/golang-utils
  version: 6362d7ff76b62be7ac4ef53aad5812791b390974
  subpackages:
  - maps
  - netutil
- name: github.com/ashwanthkumar/marathon-logger
  version: f3b9e4491a7a7931d8b21b64ff9a6f42ebe74761
  subpackages:
  - mesos
- name: github.com/donovanhide/eventsource
  version: c3f57f280ec708df24886d9e62f2fd178d69d8e8
- name: github.com/gambol99/go-marathon
  version: a78e3aa5d5ca7d5b14eafc3239d61bb53af17434
- name: github.com/google/go-querystring
  version: 6bb77fe6f42b85397288d4f6f67ac72f8f400ee7
  subpackages:
  - query
- name: github.com/moul/http2curl
  version: 1812aee76a1ce98d604a44200c6a23c689b17a89
- name: github.com/parnurzeal/gorequest
  version: 91b42fce877cc6af96c45818665a4c615cc5f4ee
- name: github.com/spf13/pflag
  version: 7f60f83a2c81bc3c3c0d5297f61ddfa68da9d3b7
- name: golang.org/x/net
  version: e45385e9b226f570b1f086bf287b25d3d4117776
  subpackages:
  - publicsuffix
testImports:
- name: github.com/davecgh/go-spew
  version: 5215b55f46b2b919f50a1df0eaa5886afe4e3b3d
  subpackages:
  - spew
- name: github.com/pmezard/go-difflib
  version: d8ed2627bdf02c080bf22230dbb337003b7aba2d
  subpackages:
  - difflib
- name: github.com/stretchr/testify
  version: d77da356e56a7428ad25149ca77381849a6a5232
  subpackages:
  - assert
