hash: f6fb8aeb274a3a8fc0a91354a0dcbb6301e877a15c97dd3280378bbbc72420b9
updated: 2017-03-30T16:49:01.693694344+05:30
imports:
- name: github.com/ashwanthkumar/golang-utils
  version: ca70cd2b7edf2c1e819bbb0299a4e158f173d1cc
  subpackages:
  - maps
  - netutil
- name: github.com/donovanhide/eventsource
  version: fd1de70867126402be23c306e1ce32828455d85b
- name: github.com/gambol99/go-marathon
  version: 48f66461ea089ac5f96f0c72e43c0b2acef8e7c2
- name: github.com/google/go-querystring
  version: 53e6ce116135b80d037921a7fdd5138cf32d7a8a
  subpackages:
  - query
- name: github.com/moul/http2curl
  version: 4e24498b31dba4683efb9d35c1c8a91e2eda28c8
- name: github.com/parnurzeal/gorequest
  version: ea779001e09326d30d455dbf37bc0d08c49941a2
- name: github.com/pkg/errors
  version: ff09b135c25aae272398c51a07235b90a75aa4f0
- name: github.com/spf13/pflag
  version: d16db1e50e33dff1b6cdf37596cef36742128670
- name: github.com/stretchr/testify
  version: 69483b4bd14f5845b5a1e55bca19e954e827f1d0
  subpackages:
  - assert
- name: golang.org/x/net
  version: ffcf1bedda3b04ebb15a168a59800a73d6dc0f4d
  subpackages:
  - publicsuffix
testImports:
- name: github.com/davecgh/go-spew
  version: 6d212800a42e8ab5c146b8ace3490ee17e5225f9
  subpackages:
  - spew
- name: github.com/pmezard/go-difflib
  version: d8ed2627bdf02c080bf22230dbb337003b7aba2d
  subpackages:
  - difflib
